
Microsoft Visual Studio Solution File, Format Version 12.00
# Visual Studio Version 16
VisualStudioVersion = 16.0.30320.27
MinimumVisualStudioVersion = 10.0.40219.1
Project("{FAE04EC0-301F-11D3-BF4B-00C04F79EFBC}") = "WebApplication2", "WebApplication2\WebApplication2.csproj", "{0ECD91A6-D67A-4EFE-980D-2F4C5E2F39C6}"
EndProject
Global
	GlobalSection(SolutionConfigurationPlatforms) = preSolution
		Debug|Any CPU = Debug|Any CPU
		Release|Any CPU = Release|Any CPU
	EndGlobalSection
	GlobalSection(ProjectConfigurationPlatforms) = postSolution
		{0ECD91A6-D67A-4EFE-980D-2F4C5E2F39C6}.Debug|Any CPU.ActiveCfg = Debug|Any CPU
		{0ECD91A6-D67A-4EFE-980D-2F4C5E2F39C6}.Debug|Any CPU.Build.0 = Debug|Any CPU
		{0ECD91A6-D67A-4EFE-980D-2F4C5E2F39C6}.Release|Any CPU.ActiveCfg = Release|Any CPU
		{0ECD91A6-D67A-4EFE-980D-2F4C5E2F39C6}.Release|Any CPU.Build.0 = Release|Any CPU
	EndGlobalSection
	GlobalSection(SolutionProperties) = preSolution
		HideSolutionNode = FALSE
	EndGlobalSection
	GlobalSection(ExtensibilityGlobals) = postSolution
		SolutionGuid = {8085C407-4BB0-4DB8-8DA4-74593D892EAE}
	EndGlobalSection
EndGlobal
